
Microsoft Visual Studio Solution File, Format Version 12.00
# Visual Studio Version 16
VisualStudioVersion = 16.0.29503.13
MinimumVisualStudioVersion = 10.0.40219.1
Project("{FAE04EC0-301F-11D3-BF4B-00C04F79EFBC}") = "ClipboardMonitor", "ClipboardMonitor\ClipboardMonitor.csproj", "{262AC441-EF77-442F-9AF9-D1FB2E41A03D}"
EndProject
Global
	GlobalSection(SolutionConfigurationPlatforms) = preSolution
		Debug|Any CPU = Debug|Any CPU
		Release|Any CPU = Release|Any CPU
	EndGlobalSection
	GlobalSection(ProjectConfigurationPlatforms) = postSolution
		{262AC441-EF77-442F-9AF9-D1FB2E41A03D}.Debug|Any CPU.ActiveCfg = Debug|Any CPU
		{262AC441-EF77-442F-9AF9-D1FB2E41A03D}.Debug|Any CPU.Build.0 = Debug|Any CPU
		{262AC441-EF77-442F-9AF9-D1FB2E41A03D}.Release|Any CPU.ActiveCfg = Release|Any CPU
		{262AC441-EF77-442F-9AF9-D1FB2E41A03D}.Release|Any CPU.Build.0 = Release|Any CPU
	EndGlobalSection
	GlobalSection(SolutionProperties) = preSolution
		HideSolutionNode = FALSE
	EndGlobalSection
	GlobalSection(ExtensibilityGlobals) = postSolution
		SolutionGuid = {722ECD21-4B0F-4209-9EEF-244A13E1B2C5}
	EndGlobalSection
EndGlobal
